// !$*UTF8*$!
{
	archiveVersion = 1;
	classes = {
	};
	objectVersion = 56;
	objects = {

/* Begin PBXBuildFile section */
		0D450169F793BC53AA4C496D /* Pods_MacroChallenge_MacroChallengeUITests.framework in Frameworks */ = {isa = PBXBuildFile; fileRef = 5B6394870698167497841159 /* Pods_MacroChallenge_MacroChallengeUITests.framework */; };
		361319BED72F462122C4A51F /* Pods_MacroChallengeTests.framework in Frameworks */ = {isa = PBXBuildFile; fileRef = 07D6DCE250471D2B6C994499 /* Pods_MacroChallengeTests.framework */; };
		6655424A063D2044FC6C063F /* Pods_MacroChallenge.framework in Frameworks */ = {isa = PBXBuildFile; fileRef = 99DDA4AC3F00AD2C178A301F /* Pods_MacroChallenge.framework */; };
		D191E1702A13F88100F4BB79 /* MacroChallengeApp.swift in Sources */ = {isa = PBXBuildFile; fileRef = D191E16F2A13F88100F4BB79 /* MacroChallengeApp.swift */; };
		D191E1722A13F88100F4BB79 /* ContentView.swift in Sources */ = {isa = PBXBuildFile; fileRef = D191E1712A13F88100F4BB79 /* ContentView.swift */; };
		D191E1742A13F88200F4BB79 /* Assets.xcassets in Resources */ = {isa = PBXBuildFile; fileRef = D191E1732A13F88200F4BB79 /* Assets.xcassets */; };
		D191E1772A13F88200F4BB79 /* Preview Assets.xcassets in Resources */ = {isa = PBXBuildFile; fileRef = D191E1762A13F88200F4BB79 /* Preview Assets.xcassets */; };
		D191E1812A13F88200F4BB79 /* MacroChallengeTests.swift in Sources */ = {isa = PBXBuildFile; fileRef = D191E1802A13F88200F4BB79 /* MacroChallengeTests.swift */; };
		D191E18B2A13F88200F4BB79 /* MacroChallengeUITests.swift in Sources */ = {isa = PBXBuildFile; fileRef = D191E18A2A13F88200F4BB79 /* MacroChallengeUITests.swift */; };
		D191E18D2A13F88200F4BB79 /* MacroChallengeUITestsLaunchTests.swift in Sources */ = {isa = PBXBuildFile; fileRef = D191E18C2A13F88200F4BB79 /* MacroChallengeUITestsLaunchTests.swift */; };
/* End PBXBuildFile section */

/* Begin PBXContainerItemProxy section */
		D191E17D2A13F88200F4BB79 /* PBXContainerItemProxy */ = {
			isa = PBXContainerItemProxy;
			containerPortal = D191E1642A13F88100F4BB79 /* Project object */;
			proxyType = 1;
			remoteGlobalIDString = D191E16B2A13F88100F4BB79;
			remoteInfo = MacroChallenge;
		};
		D191E1872A13F88200F4BB79 /* PBXContainerItemProxy */ = {
			isa = PBXContainerItemProxy;
			containerPortal = D191E1642A13F88100F4BB79 /* Project object */;
			proxyType = 1;
			remoteGlobalIDString = D191E16B2A13F88100F4BB79;
			remoteInfo = MacroChallenge;
		};
/* End PBXContainerItemProxy section */

/* Begin PBXFileReference section */
		07D6DCE250471D2B6C994499 /* Pods_MacroChallengeTests.framework */ = {isa = PBXFileReference; explicitFileType = wrapper.framework; includeInIndex = 0; path = Pods_MacroChallengeTests.framework; sourceTree = BUILT_PRODUCTS_DIR; };
		1DAA2334DCC5B7A336A01E76 /* Pods-MacroChallenge-MacroChallengeUITests.release.xcconfig */ = {isa = PBXFileReference; includeInIndex = 1; lastKnownFileType = text.xcconfig; name = "Pods-MacroChallenge-MacroChallengeUITests.release.xcconfig"; path = "Target Support Files/Pods-MacroChallenge-MacroChallengeUITests/Pods-MacroChallenge-MacroChallengeUITests.release.xcconfig"; sourceTree = "<group>"; };
		2FF4D13D7965660CEAF6F982 /* Pods-MacroChallengeTests.debug.xcconfig */ = {isa = PBXFileReference; includeInIndex = 1; lastKnownFileType = text.xcconfig; name = "Pods-MacroChallengeTests.debug.xcconfig"; path = "Target Support Files/Pods-MacroChallengeTests/Pods-MacroChallengeTests.debug.xcconfig"; sourceTree = "<group>"; };
		5B6394870698167497841159 /* Pods_MacroChallenge_MacroChallengeUITests.framework */ = {isa = PBXFileReference; explicitFileType = wrapper.framework; includeInIndex = 0; path = Pods_MacroChallenge_MacroChallengeUITests.framework; sourceTree = BUILT_PRODUCTS_DIR; };
		8ACEDAF51042373215CB6CDF /* Pods-MacroChallenge.release.xcconfig */ = {isa = PBXFileReference; includeInIndex = 1; lastKnownFileType = text.xcconfig; name = "Pods-MacroChallenge.release.xcconfig"; path = "Target Support Files/Pods-MacroChallenge/Pods-MacroChallenge.release.xcconfig"; sourceTree = "<group>"; };
		99DDA4AC3F00AD2C178A301F /* Pods_MacroChallenge.framework */ = {isa = PBXFileReference; explicitFileType = wrapper.framework; includeInIndex = 0; path = Pods_MacroChallenge.framework; sourceTree = BUILT_PRODUCTS_DIR; };
		D13C48862A1405B600449622 /* Config.xcconfig */ = {isa = PBXFileReference; lastKnownFileType = text.xcconfig; path = Config.xcconfig; sourceTree = "<group>"; };
		D191E16C2A13F88100F4BB79 /* MacroChallenge.app */ = {isa = PBXFileReference; explicitFileType = wrapper.application; includeInIndex = 0; path = MacroChallenge.app; sourceTree = BUILT_PRODUCTS_DIR; };
		D191E16F2A13F88100F4BB79 /* MacroChallengeApp.swift */ = {isa = PBXFileReference; lastKnownFileType = sourcecode.swift; path = MacroChallengeApp.swift; sourceTree = "<group>"; };
		D191E1712A13F88100F4BB79 /* ContentView.swift */ = {isa = PBXFileReference; lastKnownFileType = sourcecode.swift; path = ContentView.swift; sourceTree = "<group>"; };
		D191E1732A13F88200F4BB79 /* Assets.xcassets */ = {isa = PBXFileReference; lastKnownFileType = folder.assetcatalog; path = Assets.xcassets; sourceTree = "<group>"; };
		D191E1762A13F88200F4BB79 /* Preview Assets.xcassets */ = {isa = PBXFileReference; lastKnownFileType = folder.assetcatalog; path = "Preview Assets.xcassets"; sourceTree = "<group>"; };
		D191E17C2A13F88200F4BB79 /* MacroChallengeTests.xctest */ = {isa = PBXFileReference; explicitFileType = wrapper.cfbundle; includeInIndex = 0; path = MacroChallengeTests.xctest; sourceTree = BUILT_PRODUCTS_DIR; };
		D191E1802A13F88200F4BB79 /* MacroChallengeTests.swift */ = {isa = PBXFileReference; lastKnownFileType = sourcecode.swift; path = MacroChallengeTests.swift; sourceTree = "<group>"; };
		D191E1862A13F88200F4BB79 /* MacroChallengeUITests.xctest */ = {isa = PBXFileReference; explicitFileType = wrapper.cfbundle; includeInIndex = 0; path = MacroChallengeUITests.xctest; sourceTree = BUILT_PRODUCTS_DIR; };
		D191E18A2A13F88200F4BB79 /* MacroChallengeUITests.swift */ = {isa = PBXFileReference; lastKnownFileType = sourcecode.swift; path = MacroChallengeUITests.swift; sourceTree = "<group>"; };
		D191E18C2A13F88200F4BB79 /* MacroChallengeUITestsLaunchTests.swift */ = {isa = PBXFileReference; lastKnownFileType = sourcecode.swift; path = MacroChallengeUITestsLaunchTests.swift; sourceTree = "<group>"; };
		F1F4C6086B2EFB24AB1685B4 /* Pods-MacroChallenge.debug.xcconfig */ = {isa = PBXFileReference; includeInIndex = 1; lastKnownFileType = text.xcconfig; name = "Pods-MacroChallenge.debug.xcconfig"; path = "Target Support Files/Pods-MacroChallenge/Pods-MacroChallenge.debug.xcconfig"; sourceTree = "<group>"; };
		F66CE9B100421804F37F5874 /* Pods-MacroChallenge-MacroChallengeUITests.debug.xcconfig */ = {isa = PBXFileReference; includeInIndex = 1; lastKnownFileType = text.xcconfig; name = "Pods-MacroChallenge-MacroChallengeUITests.debug.xcconfig"; path = "Target Support Files/Pods-MacroChallenge-MacroChallengeUITests/Pods-MacroChallenge-MacroChallengeUITests.debug.xcconfig"; sourceTree = "<group>"; };
		FDB223288FB373C0C4AB6434 /* Pods-MacroChallengeTests.release.xcconfig */ = {isa = PBXFileReference; includeInIndex = 1; lastKnownFileType = text.xcconfig; name = "Pods-MacroChallengeTests.release.xcconfig"; path = "Target Support Files/Pods-MacroChallengeTests/Pods-MacroChallengeTests.release.xcconfig"; sourceTree = "<group>"; };
/* End PBXFileReference section */

/* Begin PBXFrameworksBuildPhase section */
		D191E1692A13F88100F4BB79 /* Frameworks */ = {
			isa = PBXFrameworksBuildPhase;
			buildActionMask = 2147483647;
			files = (
				6655424A063D2044FC6C063F /* Pods_MacroChallenge.framework in Frameworks */,
			);
			runOnlyForDeploymentPostprocessing = 0;
		};
		D191E1792A13F88200F4BB79 /* Frameworks */ = {
			isa = PBXFrameworksBuildPhase;
			buildActionMask = 2147483647;
			files = (
				361319BED72F462122C4A51F /* Pods_MacroChallengeTests.framework in Frameworks */,
			);
			runOnlyForDeploymentPostprocessing = 0;
		};
		D191E1832A13F88200F4BB79 /* Frameworks */ = {
			isa = PBXFrameworksBuildPhase;
			buildActionMask = 2147483647;
			files = (
				0D450169F793BC53AA4C496D /* Pods_MacroChallenge_MacroChallengeUITests.framework in Frameworks */,
			);
			runOnlyForDeploymentPostprocessing = 0;
		};
/* End PBXFrameworksBuildPhase section */

/* Begin PBXGroup section */
		5CB2ABE0D87D29559547E6F5 /* Pods */ = {
			isa = PBXGroup;
			children = (
				F1F4C6086B2EFB24AB1685B4 /* Pods-MacroChallenge.debug.xcconfig */,
				8ACEDAF51042373215CB6CDF /* Pods-MacroChallenge.release.xcconfig */,
				F66CE9B100421804F37F5874 /* Pods-MacroChallenge-MacroChallengeUITests.debug.xcconfig */,
				1DAA2334DCC5B7A336A01E76 /* Pods-MacroChallenge-MacroChallengeUITests.release.xcconfig */,
				2FF4D13D7965660CEAF6F982 /* Pods-MacroChallengeTests.debug.xcconfig */,
				FDB223288FB373C0C4AB6434 /* Pods-MacroChallengeTests.release.xcconfig */,
			);
			path = Pods;
			sourceTree = "<group>";
		};
		BD1BC9FB50B8DC8F76D40A92 /* Frameworks */ = {
			isa = PBXGroup;
			children = (
				99DDA4AC3F00AD2C178A301F /* Pods_MacroChallenge.framework */,
				5B6394870698167497841159 /* Pods_MacroChallenge_MacroChallengeUITests.framework */,
				07D6DCE250471D2B6C994499 /* Pods_MacroChallengeTests.framework */,
			);
			name = Frameworks;
			sourceTree = "<group>";
		};
		D191E1632A13F88100F4BB79 = {
			isa = PBXGroup;
			children = (
				D191E16E2A13F88100F4BB79 /* MacroChallenge */,
				D191E17F2A13F88200F4BB79 /* MacroChallengeTests */,
				D191E1892A13F88200F4BB79 /* MacroChallengeUITests */,
				D191E16D2A13F88100F4BB79 /* Products */,
				5CB2ABE0D87D29559547E6F5 /* Pods */,
				BD1BC9FB50B8DC8F76D40A92 /* Frameworks */,
			);
			sourceTree = "<group>";
		};
		D191E16D2A13F88100F4BB79 /* Products */ = {
			isa = PBXGroup;
			children = (
				D191E16C2A13F88100F4BB79 /* MacroChallenge.app */,
				D191E17C2A13F88200F4BB79 /* MacroChallengeTests.xctest */,
				D191E1862A13F88200F4BB79 /* MacroChallengeUITests.xctest */,
			);
			name = Products;
			sourceTree = "<group>";
		};
		D191E16E2A13F88100F4BB79 /* MacroChallenge */ = {
			isa = PBXGroup;
			children = (
				D191E16F2A13F88100F4BB79 /* MacroChallengeApp.swift */,
				D191E1712A13F88100F4BB79 /* ContentView.swift */,
				D191E1732A13F88200F4BB79 /* Assets.xcassets */,
				D191E1752A13F88200F4BB79 /* Preview Content */,
				D13C48862A1405B600449622 /* Config.xcconfig */,
			);
			path = MacroChallenge;
			sourceTree = "<group>";
		};
		D191E1752A13F88200F4BB79 /* Preview Content */ = {
			isa = PBXGroup;
			children = (
				D191E1762A13F88200F4BB79 /* Preview Assets.xcassets */,
			);
			path = "Preview Content";
			sourceTree = "<group>";
		};
		D191E17F2A13F88200F4BB79 /* MacroChallengeTests */ = {
			isa = PBXGroup;
			children = (
				D191E1802A13F88200F4BB79 /* MacroChallengeTests.swift */,
			);
			path = MacroChallengeTests;
			sourceTree = "<group>";
		};
		D191E1892A13F88200F4BB79 /* MacroChallengeUITests */ = {
			isa = PBXGroup;
			children = (
				D191E18A2A13F88200F4BB79 /* MacroChallengeUITests.swift */,
				D191E18C2A13F88200F4BB79 /* MacroChallengeUITestsLaunchTests.swift */,
			);
			path = MacroChallengeUITests;
			sourceTree = "<group>";
		};
/* End PBXGroup section */

/* Begin PBXNativeTarget section */
		D191E16B2A13F88100F4BB79 /* MacroChallenge */ = {
			isa = PBXNativeTarget;
			buildConfigurationList = D191E1902A13F88200F4BB79 /* Build configuration list for PBXNativeTarget "MacroChallenge" */;
			buildPhases = (
				E263A92448AD201CDDF57BCD /* [CP] Check Pods Manifest.lock */,
				D191E1682A13F88100F4BB79 /* Sources */,
				D191E1692A13F88100F4BB79 /* Frameworks */,
				D191E16A2A13F88100F4BB79 /* Resources */,
			);
			buildRules = (
			);
			dependencies = (
			);
			name = MacroChallenge;
			productName = MacroChallenge;
			productReference = D191E16C2A13F88100F4BB79 /* MacroChallenge.app */;
			productType = "com.apple.product-type.application";
		};
		D191E17B2A13F88200F4BB79 /* MacroChallengeTests */ = {
			isa = PBXNativeTarget;
			buildConfigurationList = D191E1932A13F88200F4BB79 /* Build configuration list for PBXNativeTarget "MacroChallengeTests" */;
			buildPhases = (
				BC003EBA29BCFBC261F9607D /* [CP] Check Pods Manifest.lock */,
				D191E1782A13F88200F4BB79 /* Sources */,
				D191E1792A13F88200F4BB79 /* Frameworks */,
				D191E17A2A13F88200F4BB79 /* Resources */,
			);
			buildRules = (
			);
			dependencies = (
				D191E17E2A13F88200F4BB79 /* PBXTargetDependency */,
			);
			name = MacroChallengeTests;
			productName = MacroChallengeTests;
			productReference = D191E17C2A13F88200F4BB79 /* MacroChallengeTests.xctest */;
			productType = "com.apple.product-type.bundle.unit-test";
		};
		D191E1852A13F88200F4BB79 /* MacroChallengeUITests */ = {
			isa = PBXNativeTarget;
			buildConfigurationList = D191E1962A13F88200F4BB79 /* Build configuration list for PBXNativeTarget "MacroChallengeUITests" */;
			buildPhases = (
				8154364BBAA9CCB5E939C879 /* [CP] Check Pods Manifest.lock */,
				D191E1822A13F88200F4BB79 /* Sources */,
				D191E1832A13F88200F4BB79 /* Frameworks */,
				D191E1842A13F88200F4BB79 /* Resources */,
			);
			buildRules = (
			);
			dependencies = (
				D191E1882A13F88200F4BB79 /* PBXTargetDependency */,
			);
			name = MacroChallengeUITests;
			productName = MacroChallengeUITests;
			productReference = D191E1862A13F88200F4BB79 /* MacroChallengeUITests.xctest */;
			productType = "com.apple.product-type.bundle.ui-testing";
		};
/* End PBXNativeTarget section */

/* Begin PBXProject section */
		D191E1642A13F88100F4BB79 /* Project object */ = {
			isa = PBXProject;
			attributes = {
				BuildIndependentTargetsInParallel = 1;
				LastSwiftUpdateCheck = 1420;
				LastUpgradeCheck = 1420;
				TargetAttributes = {
					D191E16B2A13F88100F4BB79 = {
						CreatedOnToolsVersion = 14.2;
					};
					D191E17B2A13F88200F4BB79 = {
						CreatedOnToolsVersion = 14.2;
						TestTargetID = D191E16B2A13F88100F4BB79;
					};
					D191E1852A13F88200F4BB79 = {
						CreatedOnToolsVersion = 14.2;
						TestTargetID = D191E16B2A13F88100F4BB79;
					};
				};
			};
			buildConfigurationList = D191E1672A13F88100F4BB79 /* Build configuration list for PBXProject "MacroChallenge" */;
			compatibilityVersion = "Xcode 14.0";
			developmentRegion = en;
			hasScannedForEncodings = 0;
			knownRegions = (
				en,
				Base,
			);
			mainGroup = D191E1632A13F88100F4BB79;
			productRefGroup = D191E16D2A13F88100F4BB79 /* Products */;
			projectDirPath = "";
			projectRoot = "";
			targets = (
				D191E16B2A13F88100F4BB79 /* MacroChallenge */,
				D191E17B2A13F88200F4BB79 /* MacroChallengeTests */,
				D191E1852A13F88200F4BB79 /* MacroChallengeUITests */,
			);
		};
/* End PBXProject section */

/* Begin PBXResourcesBuildPhase section */
		D191E16A2A13F88100F4BB79 /* Resources */ = {
			isa = PBXResourcesBuildPhase;
			buildActionMask = 2147483647;
			files = (
				D191E1772A13F88200F4BB79 /* Preview Assets.xcassets in Resources */,
				D191E1742A13F88200F4BB79 /* Assets.xcassets in Resources */,
			);
			runOnlyForDeploymentPostprocessing = 0;
		};
		D191E17A2A13F88200F4BB79 /* Resources */ = {
			isa = PBXResourcesBuildPhase;
			buildActionMask = 2147483647;
			files = (
			);
			runOnlyForDeploymentPostprocessing = 0;
		};
		D191E1842A13F88200F4BB79 /* Resources */ = {
			isa = PBXResourcesBuildPhase;
			buildActionMask = 2147483647;
			files = (
			);
			runOnlyForDeploymentPostprocessing = 0;
		};
/* End PBXResourcesBuildPhase section */

/* Begin PBXShellScriptBuildPhase section */
		8154364BBAA9CCB5E939C879 /* [CP] Check Pods Manifest.lock */ = {
			isa = PBXShellScriptBuildPhase;
			buildActionMask = 2147483647;
			files = (
			);
			inputFileListPaths = (
			);
			inputPaths = (
				"${PODS_PODFILE_DIR_PATH}/Podfile.lock",
				"${PODS_ROOT}/Manifest.lock",
			);
			name = "[CP] Check Pods Manifest.lock";
			outputFileListPaths = (
			);
			outputPaths = (
				"$(DERIVED_FILE_DIR)/Pods-MacroChallenge-MacroChallengeUITests-checkManifestLockResult.txt",
			);
			runOnlyForDeploymentPostprocessing = 0;
			shellPath = /bin/sh;
			shellScript = "diff \"${PODS_PODFILE_DIR_PATH}/Podfile.lock\" \"${PODS_ROOT}/Manifest.lock\" > /dev/null\nif [ $? != 0 ] ; then\n    # print error to STDERR\n    echo \"error: The sandbox is not in sync with the Podfile.lock. Run 'pod install' or update your CocoaPods installation.\" >&2\n    exit 1\nfi\n# This output is used by Xcode 'outputs' to avoid re-running this script phase.\necho \"SUCCESS\" > \"${SCRIPT_OUTPUT_FILE_0}\"\n";
			showEnvVarsInLog = 0;
		};
		BC003EBA29BCFBC261F9607D /* [CP] Check Pods Manifest.lock */ = {
			isa = PBXShellScriptBuildPhase;
			buildActionMask = 2147483647;
			files = (
			);
			inputFileListPaths = (
			);
			inputPaths = (
				"${PODS_PODFILE_DIR_PATH}/Podfile.lock",
				"${PODS_ROOT}/Manifest.lock",
			);
			name = "[CP] Check Pods Manifest.lock";
			outputFileListPaths = (
			);
			outputPaths = (
				"$(DERIVED_FILE_DIR)/Pods-MacroChallengeTests-checkManifestLockResult.txt",
			);
			runOnlyForDeploymentPostprocessing = 0;
			shellPath = /bin/sh;
			shellScript = "diff \"${PODS_PODFILE_DIR_PATH}/Podfile.lock\" \"${PODS_ROOT}/Manifest.lock\" > /dev/null\nif [ $? != 0 ] ; then\n    # print error to STDERR\n    echo \"error: The sandbox is not in sync with the Podfile.lock. Run 'pod install' or update your CocoaPods installation.\" >&2\n    exit 1\nfi\n# This output is used by Xcode 'outputs' to avoid re-running this script phase.\necho \"SUCCESS\" > \"${SCRIPT_OUTPUT_FILE_0}\"\n";
			showEnvVarsInLog = 0;
		};
		E263A92448AD201CDDF57BCD /* [CP] Check Pods Manifest.lock */ = {
			isa = PBXShellScriptBuildPhase;
			buildActionMask = 2147483647;
			files = (
			);
			inputFileListPaths = (
			);
			inputPaths = (
				"${PODS_PODFILE_DIR_PATH}/Podfile.lock",
				"${PODS_ROOT}/Manifest.lock",
			);
			name = "[CP] Check Pods Manifest.lock";
			outputFileListPaths = (
			);
			outputPaths = (
				"$(DERIVED_FILE_DIR)/Pods-MacroChallenge-checkManifestLockResult.txt",
			);
			runOnlyForDeploymentPostprocessing = 0;
			shellPath = /bin/sh;
			shellScript = "diff \"${PODS_PODFILE_DIR_PATH}/Podfile.lock\" \"${PODS_ROOT}/Manifest.lock\" > /dev/null\nif [ $? != 0 ] ; then\n    # print error to STDERR\n    echo \"error: The sandbox is not in sync with the Podfile.lock. Run 'pod install' or update your CocoaPods installation.\" >&2\n    exit 1\nfi\n# This output is used by Xcode 'outputs' to avoid re-running this script phase.\necho \"SUCCESS\" > \"${SCRIPT_OUTPUT_FILE_0}\"\n";
			showEnvVarsInLog = 0;
		};
/* End PBXShellScriptBuildPhase section */

/* Begin PBXSourcesBuildPhase section */
		D191E1682A13F88100F4BB79 /* Sources */ = {
			isa = PBXSourcesBuildPhase;
			buildActionMask = 2147483647;
			files = (
				D191E1722A13F88100F4BB79 /* ContentView.swift in Sources */,
				D191E1702A13F88100F4BB79 /* MacroChallengeApp.swift in Sources */,
			);
			runOnlyForDeploymentPostprocessing = 0;
		};
		D191E1782A13F88200F4BB79 /* Sources */ = {
			isa = PBXSourcesBuildPhase;
			buildActionMask = 2147483647;
			files = (
				D191E1812A13F88200F4BB79 /* MacroChallengeTests.swift in Sources */,
			);
			runOnlyForDeploymentPostprocessing = 0;
		};
		D191E1822A13F88200F4BB79 /* Sources */ = {
			isa = PBXSourcesBuildPhase;
			buildActionMask = 2147483647;
			files = (
				D191E18B2A13F88200F4BB79 /* MacroChallengeUITests.swift in Sources */,
				D191E18D2A13F88200F4BB79 /* MacroChallengeUITestsLaunchTests.swift in Sources */,
			);
			runOnlyForDeploymentPostprocessing = 0;
		};
/* End PBXSourcesBuildPhase section */

/* Begin PBXTargetDependency section */
		D191E17E2A13F88200F4BB79 /* PBXTargetDependency */ = {
			isa = PBXTargetDependency;
			target = D191E16B2A13F88100F4BB79 /* MacroChallenge */;
			targetProxy = D191E17D2A13F88200F4BB79 /* PBXContainerItemProxy */;
		};
		D191E1882A13F88200F4BB79 /* PBXTargetDependency */ = {
			isa = PBXTargetDependency;
			target = D191E16B2A13F88100F4BB79 /* MacroChallenge */;
			targetProxy = D191E1872A13F88200F4BB79 /* PBXContainerItemProxy */;
		};
/* End PBXTargetDependency section */

/* Begin XCBuildConfiguration section */
		D191E18E2A13F88200F4BB79 /* Debug */ = {
			isa = XCBuildConfiguration;
			buildSettings = {
				ALWAYS_SEARCH_USER_PATHS = NO;
				CLANG_ANALYZER_NONNULL = YES;
				CLANG_ANALYZER_NUMBER_OBJECT_CONVERSION = YES_AGGRESSIVE;
				CLANG_CXX_LANGUAGE_STANDARD = "gnu++20";
				CLANG_ENABLE_MODULES = YES;
				CLANG_ENABLE_OBJC_ARC = YES;
				CLANG_ENABLE_OBJC_WEAK = YES;
				CLANG_WARN_BLOCK_CAPTURE_AUTORELEASING = YES;
				CLANG_WARN_BOOL_CONVERSION = YES;
				CLANG_WARN_COMMA = YES;
				CLANG_WARN_CONSTANT_CONVERSION = YES;
				CLANG_WARN_DEPRECATED_OBJC_IMPLEMENTATIONS = YES;
				CLANG_WARN_DIRECT_OBJC_ISA_USAGE = YES_ERROR;
				CLANG_WARN_DOCUMENTATION_COMMENTS = YES;
				CLANG_WARN_EMPTY_BODY = YES;
				CLANG_WARN_ENUM_CONVERSION = YES;
				CLANG_WARN_INFINITE_RECURSION = YES;
				CLANG_WARN_INT_CONVERSION = YES;
				CLANG_WARN_NON_LITERAL_NULL_CONVERSION = YES;
				CLANG_WARN_OBJC_IMPLICIT_RETAIN_SELF = YES;
				CLANG_WARN_OBJC_LITERAL_CONVERSION = YES;
				CLANG_WARN_OBJC_ROOT_CLASS = YES_ERROR;
				CLANG_WARN_QUOTED_INCLUDE_IN_FRAMEWORK_HEADER = YES;
				CLANG_WARN_RANGE_LOOP_ANALYSIS = YES;
				CLANG_WARN_STRICT_PROTOTYPES = YES;
				CLANG_WARN_SUSPICIOUS_MOVE = YES;
				CLANG_WARN_UNGUARDED_AVAILABILITY = YES_AGGRESSIVE;
				CLANG_WARN_UNREACHABLE_CODE = YES;
				CLANG_WARN__DUPLICATE_METHOD_MATCH = YES;
				COPY_PHASE_STRIP = NO;
				DEBUG_INFORMATION_FORMAT = dwarf;
				ENABLE_STRICT_OBJC_MSGSEND = YES;
				ENABLE_TESTABILITY = YES;
				GCC_C_LANGUAGE_STANDARD = gnu11;
				GCC_DYNAMIC_NO_PIC = NO;
				GCC_NO_COMMON_BLOCKS = YES;
				GCC_OPTIMIZATION_LEVEL = 0;
				GCC_PREPROCESSOR_DEFINITIONS = (
					"DEBUG=1",
					"$(inherited)",
				);
				GCC_WARN_64_TO_32_BIT_CONVERSION = YES;
				GCC_WARN_ABOUT_RETURN_TYPE = YES_ERROR;
				GCC_WARN_UNDECLARED_SELECTOR = YES;
				GCC_WARN_UNINITIALIZED_AUTOS = YES_AGGRESSIVE;
				GCC_WARN_UNUSED_FUNCTION = YES;
				GCC_WARN_UNUSED_VARIABLE = YES;
				IPHONEOS_DEPLOYMENT_TARGET = 16.2;
				MTL_ENABLE_DEBUG_INFO = INCLUDE_SOURCE;
				MTL_FAST_MATH = YES;
				ONLY_ACTIVE_ARCH = YES;
				SDKROOT = iphoneos;
				SWIFT_ACTIVE_COMPILATION_CONDITIONS = DEBUG;
				SWIFT_OPTIMIZATION_LEVEL = "-Onone";
			};
			name = Debug;
		};
		D191E18F2A13F88200F4BB79 /* Release */ = {
			isa = XCBuildConfiguration;
			buildSettings = {
				ALWAYS_SEARCH_USER_PATHS = NO;
				CLANG_ANALYZER_NONNULL = YES;
				CLANG_ANALYZER_NUMBER_OBJECT_CONVERSION = YES_AGGRESSIVE;
				CLANG_CXX_LANGUAGE_STANDARD = "gnu++20";
				CLANG_ENABLE_MODULES = YES;
				CLANG_ENABLE_OBJC_ARC = YES;
				CLANG_ENABLE_OBJC_WEAK = YES;
				CLANG_WARN_BLOCK_CAPTURE_AUTORELEASING = YES;
				CLANG_WARN_BOOL_CONVERSION = YES;
				CLANG_WARN_COMMA = YES;
				CLANG_WARN_CONSTANT_CONVERSION = YES;
				CLANG_WARN_DEPRECATED_OBJC_IMPLEMENTATIONS = YES;
				CLANG_WARN_DIRECT_OBJC_ISA_USAGE = YES_ERROR;
				CLANG_WARN_DOCUMENTATION_COMMENTS = YES;
				CLANG_WARN_EMPTY_BODY = YES;
				CLANG_WARN_ENUM_CONVERSION = YES;
				CLANG_WARN_INFINITE_RECURSION = YES;
				CLANG_WARN_INT_CONVERSION = YES;
				CLANG_WARN_NON_LITERAL_NULL_CONVERSION = YES;
				CLANG_WARN_OBJC_IMPLICIT_RETAIN_SELF = YES;
				CLANG_WARN_OBJC_LITERAL_CONVERSION = YES;
				CLANG_WARN_OBJC_ROOT_CLASS = YES_ERROR;
				CLANG_WARN_QUOTED_INCLUDE_IN_FRAMEWORK_HEADER = YES;
				CLANG_WARN_RANGE_LOOP_ANALYSIS = YES;
				CLANG_WARN_STRICT_PROTOTYPES = YES;
				CLANG_WARN_SUSPICIOUS_MOVE = YES;
				CLANG_WARN_UNGUARDED_AVAILABILITY = YES_AGGRESSIVE;
				CLANG_WARN_UNREACHABLE_CODE = YES;
				CLANG_WARN__DUPLICATE_METHOD_MATCH = YES;
				COPY_PHASE_STRIP = NO;
				DEBUG_INFORMATION_FORMAT = "dwarf-with-dsym";
				ENABLE_NS_ASSERTIONS = NO;
				ENABLE_STRICT_OBJC_MSGSEND = YES;
				GCC_C_LANGUAGE_STANDARD = gnu11;
				GCC_NO_COMMON_BLOCKS = YES;
				GCC_WARN_64_TO_32_BIT_CONVERSION = YES;
				GCC_WARN_ABOUT_RETURN_TYPE = YES_ERROR;
				GCC_WARN_UNDECLARED_SELECTOR = YES;
				GCC_WARN_UNINITIALIZED_AUTOS = YES_AGGRESSIVE;
				GCC_WARN_UNUSED_FUNCTION = YES;
				GCC_WARN_UNUSED_VARIABLE = YES;
				IPHONEOS_DEPLOYMENT_TARGET = 16.2;
				MTL_ENABLE_DEBUG_INFO = NO;
				MTL_FAST_MATH = YES;
				SDKROOT = iphoneos;
				SWIFT_COMPILATION_MODE = wholemodule;
				SWIFT_OPTIMIZATION_LEVEL = "-O";
				VALIDATE_PRODUCT = YES;
			};
			name = Release;
		};
		D191E1912A13F88200F4BB79 /* Debug */ = {
			isa = XCBuildConfiguration;
			baseConfigurationReference = F1F4C6086B2EFB24AB1685B4 /* Pods-MacroChallenge.debug.xcconfig */;
			buildSettings = {
				ASSETCATALOG_COMPILER_APPICON_NAME = AppIcon;
				ASSETCATALOG_COMPILER_GLOBAL_ACCENT_COLOR_NAME = AccentColor;
				CODE_SIGN_STYLE = Automatic;
				CURRENT_PROJECT_VERSION = 1;
				DEVELOPMENT_ASSET_PATHS = "\"MacroChallenge/Preview Content\"";
				DEVELOPMENT_TEAM = 3SWCGFCJF2;
				ENABLE_PREVIEWS = YES;
				GENERATE_INFOPLIST_FILE = YES;
				INFOPLIST_KEY_UIApplicationSceneManifest_Generation = YES;
				INFOPLIST_KEY_UIApplicationSupportsIndirectInputEvents = YES;
				INFOPLIST_KEY_UILaunchScreen_Generation = YES;
				INFOPLIST_KEY_UISupportedInterfaceOrientations_iPad = "UIInterfaceOrientationPortrait UIInterfaceOrientationPortraitUpsideDown UIInterfaceOrientationLandscapeLeft UIInterfaceOrientationLandscapeRight";
				INFOPLIST_KEY_UISupportedInterfaceOrientations_iPhone = "UIInterfaceOrientationPortrait UIInterfaceOrientationLandscapeLeft UIInterfaceOrientationLandscapeRight";
				LD_RUNPATH_SEARCH_PATHS = (
					"$(inherited)",
					"@executable_path/Frameworks",
				);
				MARKETING_VERSION = 1.0;
				PRODUCT_BUNDLE_IDENTIFIER = macro.MacroChallenge;
				PRODUCT_NAME = "$(TARGET_NAME)";
				SWIFT_EMIT_LOC_STRINGS = YES;
				SWIFT_VERSION = 5.0;
				TARGETED_DEVICE_FAMILY = "1,2";
			};
			name = Debug;
		};
		D191E1922A13F88200F4BB79 /* Release */ = {
			isa = XCBuildConfiguration;
			baseConfigurationReference = 8ACEDAF51042373215CB6CDF /* Pods-MacroChallenge.release.xcconfig */;
			buildSettings = {
				ASSETCATALOG_COMPILER_APPICON_NAME = AppIcon;
				ASSETCATALOG_COMPILER_GLOBAL_ACCENT_COLOR_NAME = AccentColor;
				CODE_SIGN_STYLE = Automatic;
				CURRENT_PROJECT_VERSION = 1;
				DEVELOPMENT_ASSET_PATHS = "\"MacroChallenge/Preview Content\"";
				DEVELOPMENT_TEAM = 3SWCGFCJF2;
				ENABLE_PREVIEWS = YES;
				GENERATE_INFOPLIST_FILE = YES;
				INFOPLIST_KEY_UIApplicationSceneManifest_Generation = YES;
				INFOPLIST_KEY_UIApplicationSupportsIndirectInputEvents = YES;
				INFOPLIST_KEY_UILaunchScreen_Generation = YES;
				INFOPLIST_KEY_UISupportedInterfaceOrientations_iPad = "UIInterfaceOrientationPortrait UIInterfaceOrientationPortraitUpsideDown UIInterfaceOrientationLandscapeLeft UIInterfaceOrientationLandscapeRight";
				INFOPLIST_KEY_UISupportedInterfaceOrientations_iPhone = "UIInterfaceOrientationPortrait UIInterfaceOrientationLandscapeLeft UIInterfaceOrientationLandscapeRight";
				LD_RUNPATH_SEARCH_PATHS = (
					"$(inherited)",
					"@executable_path/Frameworks",
				);
				MARKETING_VERSION = 1.0;
				PRODUCT_BUNDLE_IDENTIFIER = macro.MacroChallenge;
				PRODUCT_NAME = "$(TARGET_NAME)";
				SWIFT_EMIT_LOC_STRINGS = YES;
				SWIFT_VERSION = 5.0;
				TARGETED_DEVICE_FAMILY = "1,2";
			};
			name = Release;
		};
		D191E1942A13F88200F4BB79 /* Debug */ = {
			isa = XCBuildConfiguration;
			baseConfigurationReference = 2FF4D13D7965660CEAF6F982 /* Pods-MacroChallengeTests.debug.xcconfig */;
			buildSettings = {
				ALWAYS_EMBED_SWIFT_STANDARD_LIBRARIES = YES;
				BUNDLE_LOADER = "$(TEST_HOST)";
				CODE_SIGN_STYLE = Automatic;
				CURRENT_PROJECT_VERSION = 1;
				DEVELOPMENT_TEAM = 3SWCGFCJF2;
				GENERATE_INFOPLIST_FILE = YES;
				IPHONEOS_DEPLOYMENT_TARGET = 16.2;
				MARKETING_VERSION = 1.0;
				PRODUCT_BUNDLE_IDENTIFIER = macro.MacroChallengeTests;
				PRODUCT_NAME = "$(TARGET_NAME)";
				SWIFT_EMIT_LOC_STRINGS = NO;
				SWIFT_VERSION = 5.0;
				TARGETED_DEVICE_FAMILY = "1,2";
				TEST_HOST = "$(BUILT_PRODUCTS_DIR)/MacroChallenge.app/$(BUNDLE_EXECUTABLE_FOLDER_PATH)/MacroChallenge";
			};
			name = Debug;
		};
		D191E1952A13F88200F4BB79 /* Release */ = {
			isa = XCBuildConfiguration;
			baseConfigurationReference = FDB223288FB373C0C4AB6434 /* Pods-MacroChallengeTests.release.xcconfig */;
			buildSettings = {
				ALWAYS_EMBED_SWIFT_STANDARD_LIBRARIES = YES;
				BUNDLE_LOADER = "$(TEST_HOST)";
				CODE_SIGN_STYLE = Automatic;
				CURRENT_PROJECT_VERSION = 1;
				DEVELOPMENT_TEAM = 3SWCGFCJF2;
				GENERATE_INFOPLIST_FILE = YES;
				IPHONEOS_DEPLOYMENT_TARGET = 16.2;
				MARKETING_VERSION = 1.0;
				PRODUCT_BUNDLE_IDENTIFIER = macro.MacroChallengeTests;
				PRODUCT_NAME = "$(TARGET_NAME)";
				SWIFT_EMIT_LOC_STRINGS = NO;
				SWIFT_VERSION = 5.0;
				TARGETED_DEVICE_FAMILY = "1,2";
				TEST_HOST = "$(BUILT_PRODUCTS_DIR)/MacroChallenge.app/$(BUNDLE_EXECUTABLE_FOLDER_PATH)/MacroChallenge";
			};
			name = Release;
		};
		D191E1972A13F88200F4BB79 /* Debug */ = {
			isa = XCBuildConfiguration;
			baseConfigurationReference = F66CE9B100421804F37F5874 /* Pods-MacroChallenge-MacroChallengeUITests.debug.xcconfig */;
			buildSettings = {
				ALWAYS_EMBED_SWIFT_STANDARD_LIBRARIES = YES;
				CODE_SIGN_STYLE = Automatic;
				CURRENT_PROJECT_VERSION = 1;
				DEVELOPMENT_TEAM = 3SWCGFCJF2;
				GENERATE_INFOPLIST_FILE = YES;
				MARKETING_VERSION = 1.0;
				PRODUCT_BUNDLE_IDENTIFIER = macro.MacroChallengeUITests;
				PRODUCT_NAME = "$(TARGET_NAME)";
				SWIFT_EMIT_LOC_STRINGS = NO;
				SWIFT_VERSION = 5.0;
				TARGETED_DEVICE_FAMILY = "1,2";
				TEST_TARGET_NAME = MacroChallenge;
			};
			name = Debug;
		};
		D191E1982A13F88200F4BB79 /* Release */ = {
			isa = XCBuildConfiguration;
			baseConfigurationReference = 1DAA2334DCC5B7A336A01E76 /* Pods-MacroChallenge-MacroChallengeUITests.release.xcconfig */;
			buildSettings = {
				ALWAYS_EMBED_SWIFT_STANDARD_LIBRARIES = YES;
				CODE_SIGN_STYLE = Automatic;
				CURRENT_PROJECT_VERSION = 1;
				DEVELOPMENT_TEAM = 3SWCGFCJF2;
				GENERATE_INFOPLIST_FILE = YES;
				MARKETING_VERSION = 1.0;
				PRODUCT_BUNDLE_IDENTIFIER = macro.MacroChallengeUITests;
				PRODUCT_NAME = "$(TARGET_NAME)";
				SWIFT_EMIT_LOC_STRINGS = NO;
				SWIFT_VERSION = 5.0;
				TARGETED_DEVICE_FAMILY = "1,2";
				TEST_TARGET_NAME = MacroChallenge;
			};
			name = Release;
		};
/* End XCBuildConfiguration section */

/* Begin XCConfigurationList section */
		D191E1672A13F88100F4BB79 /* Build configuration list for PBXProject "MacroChallenge" */ = {
			isa = XCConfigurationList;
			buildConfigurations = (
				D191E18E2A13F88200F4BB79 /* Debug */,
				D191E18F2A13F88200F4BB79 /* Release */,
			);
			defaultConfigurationIsVisible = 0;
			defaultConfigurationName = Release;
		};
		D191E1902A13F88200F4BB79 /* Build configuration list for PBXNativeTarget "MacroChallenge" */ = {
			isa = XCConfigurationList;
			buildConfigurations = (
				D191E1912A13F88200F4BB79 /* Debug */,
				D191E1922A13F88200F4BB79 /* Release */,
			);
			defaultConfigurationIsVisible = 0;
			defaultConfigurationName = Release;
		};
		D191E1932A13F88200F4BB79 /* Build configuration list for PBXNativeTarget "MacroChallengeTests" */ = {
			isa = XCConfigurationList;
			buildConfigurations = (
				D191E1942A13F88200F4BB79 /* Debug */,
				D191E1952A13F88200F4BB79 /* Release */,
			);
			defaultConfigurationIsVisible = 0;
			defaultConfigurationName = Release;
		};
		D191E1962A13F88200F4BB79 /* Build configuration list for PBXNativeTarget "MacroChallengeUITests" */ = {
			isa = XCConfigurationList;
			buildConfigurations = (
				D191E1972A13F88200F4BB79 /* Debug */,
				D191E1982A13F88200F4BB79 /* Release */,
			);
			defaultConfigurationIsVisible = 0;
			defaultConfigurationName = Release;
		};
/* End XCConfigurationList section */
	};
	rootObject = D191E1642A13F88100F4BB79 /* Project object */;
}
